
Microsoft Visual Studio Solution File, Format Version 12.00
# Visual Studio 2012
Project("{FAE04EC0-301F-11D3-BF4B-00C04F79EFBC}") = "MailClientWpf1", "MailClientWpf1\MailClientWpf1.csproj", "{36F1EBD8-2BA4-4AF1-95E6-E7A180D998D5}"
EndProject
Global
	GlobalSection(SolutionConfigurationPlatforms) = preSolution
		Debug|Any CPU = Debug|Any CPU
		Release|Any CPU = Release|Any CPU
	EndGlobalSection
	GlobalSection(ProjectConfigurationPlatforms) = postSolution
		{36F1EBD8-2BA4-4AF1-95E6-E7A180D998D5}.Debug|Any CPU.ActiveCfg = Debug|Any CPU
		{36F1EBD8-2BA4-4AF1-95E6-E7A180D998D5}.Debug|Any CPU.Build.0 = Debug|Any CPU
		{36F1EBD8-2BA4-4AF1-95E6-E7A180D998D5}.Release|Any CPU.ActiveCfg = Release|Any CPU
		{36F1EBD8-2BA4-4AF1-95E6-E7A180D998D5}.Release|Any CPU.Build.0 = Release|Any CPU
	EndGlobalSection
	GlobalSection(SolutionProperties) = preSolution
		HideSolutionNode = FALSE
	EndGlobalSection
EndGlobal
